<Solution>
  <Folder Name="/Solution Items/">
    <File Path=".gitignore" />
    <File Path="Directory.Build.props" />
    <File Path="Directory.Packages.props" />
  </Folder>
  <Folder Name="/src/">
    <Project Path="src/IronLogic.Api/IronLogic.Api.csproj" />
    <Project Path="src/IronLogic.Application/IronLogic.Application.csproj" />
    <Project Path="src/IronLogic.ConsoleApp/IronLogic.ConsoleApp.csproj" />
    <Project Path="src/IronLogic.Domain/IronLogic.Domain.csproj" />
    <Project Path="src/IronLogic.Infrastructure/IronLogic.Infrastructure.csproj" />
  </Folder>
  <Folder Name="/tests/">
    <Project Path="tests/IronLogic.Tests/IronLogic.Tests.csproj" />
  </Folder>
</Solution>
